
Microsoft Visual Studio Solution File, Format Version 12.00
# Visual Studio Version 16
VisualStudioVersion = 16.0.32126.315
MinimumVisualStudioVersion = 10.0.40219.1
Project("{FAE04EC0-301F-11D3-BF4B-00C04F79EFBC}") = "lab_9", "lab_9\lab_9.csproj", "{FCCDAD5A-E886-4EFA-9CC3-C979344E7A64}"
EndProject
Global
	GlobalSection(SolutionConfigurationPlatforms) = preSolution
		Debug|Any CPU = Debug|Any CPU
		Release|Any CPU = Release|Any CPU
	EndGlobalSection
	GlobalSection(ProjectConfigurationPlatforms) = postSolution
		{FCCDAD5A-E886-4EFA-9CC3-C979344E7A64}.Debug|Any CPU.ActiveCfg = Debug|Any CPU
		{FCCDAD5A-E886-4EFA-9CC3-C979344E7A64}.Debug|Any CPU.Build.0 = Debug|Any CPU
		{FCCDAD5A-E886-4EFA-9CC3-C979344E7A64}.Release|Any CPU.ActiveCfg = Release|Any CPU
		{FCCDAD5A-E886-4EFA-9CC3-C979344E7A64}.Release|Any CPU.Build.0 = Release|Any CPU
	EndGlobalSection
	GlobalSection(SolutionProperties) = preSolution
		HideSolutionNode = FALSE
	EndGlobalSection
	GlobalSection(ExtensibilityGlobals) = postSolution
		SolutionGuid = {8129FB6D-01C8-4F5C-AF46-C59CA43D6EDD}
	EndGlobalSection
EndGlobal
